// !$*UTF8*$!
{
	archiveVersion = 1;
	classes = {
	};
	objectVersion = 46;
	objects = {

/* Begin PBXFileReference section */
		2FFC211919EC22E4006D43C5 /* binding.cc */ = {isa = PBXFileReference; lastKnownFileType = sourcecode.cpp.cpp; path = binding.cc; sourceTree = "<group>"; };
		2FFC211A19EC22E4006D43C5 /* binding.gyp */ = {isa = PBXFileReference; lastKnownFileType = text; path = binding.gyp; sourceTree = "<group>"; };
		2FFC211B19EC2A98006D43C5 /* index.js */ = {isa = PBXFileReference; lastKnownFileType = sourcecode.javascript; path = index.js; sourceTree = "<group>"; };
/* End PBXFileReference section */

/* Begin PBXGroup section */
		2FFC211219EC2241006D43C5 = {
			isa = PBXGroup;
			children = (
				2FFC211B19EC2A98006D43C5 /* index.js */,
				2FFC211919EC22E4006D43C5 /* binding.cc */,
				2FFC211A19EC22E4006D43C5 /* binding.gyp */,
			);
			sourceTree = "<group>";
		};
/* End PBXGroup section */

/* Begin PBXProject section */
		2FFC211319EC2241006D43C5 /* Project object */ = {
			isa = PBXProject;
			attributes = {
				LastUpgradeCheck = 0600;
			};
			buildConfigurationList = 2FFC211619EC2241006D43C5 /* Build configuration list for PBXProject "my_node_addon" */;
			compatibilityVersion = "Xcode 3.2";
			developmentRegion = English;
			hasScannedForEncodings = 0;
			knownRegions = (
				en,
			);
			mainGroup = 2FFC211219EC2241006D43C5;
			projectDirPath = "";
			projectRoot = "";
			targets = (
			);
		};
/* End PBXProject section */

/* Begin XCBuildConfiguration section */
		2FFC211719EC2241006D43C5 /* Debug */ = {
			isa = XCBuildConfiguration;
			buildSettings = {
			};
			name = Debug;
		};
		2FFC211819EC2241006D43C5 /* Release */ = {
			isa = XCBuildConfiguration;
			buildSettings = {
			};
			name = Release;
		};
/* End XCBuildConfiguration section */

/* Begin XCConfigurationList section */
		2FFC211619EC2241006D43C5 /* Build configuration list for PBXProject "my_node_addon" */ = {
			isa = XCConfigurationList;
			buildConfigurations = (
				2FFC211719EC2241006D43C5 /* Debug */,
				2FFC211819EC2241006D43C5 /* Release */,
			);
			defaultConfigurationIsVisible = 0;
			defaultConfigurationName = Release;
		};
/* End XCConfigurationList section */
	};
	rootObject = 2FFC211319EC2241006D43C5 /* Project object */;
}
